
Microsoft Visual Studio Solution File, Format Version 12.00
# Visual Studio Version 17
VisualStudioVersion = 17.6.33829.357
MinimumVisualStudioVersion = 10.0.40219.1
Project("{FAE04EC0-301F-11D3-BF4B-00C04F79EFBC}") = "DamageCalcSV.Server", "Server\DamageCalcSV.Server.csproj", "{4C84EAF6-5BC2-42A5-B308-081059E4E10A}"
EndProject
Project("{FAE04EC0-301F-11D3-BF4B-00C04F79EFBC}") = "DamageCalcSV.Client", "Client\DamageCalcSV.Client.csproj", "{A7B10D86-5029-44B2-98D7-46979C3EF19F}"
EndProject
Project("{FAE04EC0-301F-11D3-BF4B-00C04F79EFBC}") = "DamageCalcSV.Shared", "Shared\DamageCalcSV.Shared.csproj", "{84BCD6D2-08E3-43BD-A923-4F80F0ED9AA3}"
EndProject
Global
	GlobalSection(SolutionConfigurationPlatforms) = preSolution
		Debug|Any CPU = Debug|Any CPU
		Release|Any CPU = Release|Any CPU
	EndGlobalSection
	GlobalSection(ProjectConfigurationPlatforms) = postSolution
		{4C84EAF6-5BC2-42A5-B308-081059E4E10A}.Debug|Any CPU.ActiveCfg = Debug|Any CPU
		{4C84EAF6-5BC2-42A5-B308-081059E4E10A}.Debug|Any CPU.Build.0 = Debug|Any CPU
		{4C84EAF6-5BC2-42A5-B308-081059E4E10A}.Release|Any CPU.ActiveCfg = Release|Any CPU
		{4C84EAF6-5BC2-42A5-B308-081059E4E10A}.Release|Any CPU.Build.0 = Release|Any CPU
		{A7B10D86-5029-44B2-98D7-46979C3EF19F}.Debug|Any CPU.ActiveCfg = Debug|Any CPU
		{A7B10D86-5029-44B2-98D7-46979C3EF19F}.Debug|Any CPU.Build.0 = Debug|Any CPU
		{A7B10D86-5029-44B2-98D7-46979C3EF19F}.Release|Any CPU.ActiveCfg = Release|Any CPU
		{A7B10D86-5029-44B2-98D7-46979C3EF19F}.Release|Any CPU.Build.0 = Release|Any CPU
		{84BCD6D2-08E3-43BD-A923-4F80F0ED9AA3}.Debug|Any CPU.ActiveCfg = Debug|Any CPU
		{84BCD6D2-08E3-43BD-A923-4F80F0ED9AA3}.Debug|Any CPU.Build.0 = Debug|Any CPU
		{84BCD6D2-08E3-43BD-A923-4F80F0ED9AA3}.Release|Any CPU.ActiveCfg = Release|Any CPU
		{84BCD6D2-08E3-43BD-A923-4F80F0ED9AA3}.Release|Any CPU.Build.0 = Release|Any CPU
	EndGlobalSection
	GlobalSection(SolutionProperties) = preSolution
		HideSolutionNode = FALSE
	EndGlobalSection
	GlobalSection(ExtensibilityGlobals) = postSolution
		SolutionGuid = {D8F15456-5729-4DD7-BA6C-84AC8E20C20F}
	EndGlobalSection
EndGlobal
